
Microsoft Visual Studio Solution File, Format Version 12.00
# Visual Studio 2013
VisualStudioVersion = 12.0.31101.0
MinimumVisualStudioVersion = 10.0.40219.1
Project("{FAE04EC0-301F-11D3-BF4B-00C04F79EFBC}") = "Movies.Web", "Movies.Web\Movies.Web.csproj", "{D1D16A38-B5D2-414D-96E4-C118A77DD81B}"
EndProject
Global
	GlobalSection(SolutionConfigurationPlatforms) = preSolution
		Debug|Any CPU = Debug|Any CPU
		Release|Any CPU = Release|Any CPU
	EndGlobalSection
	GlobalSection(ProjectConfigurationPlatforms) = postSolution
		{D1D16A38-B5D2-414D-96E4-C118A77DD81B}.Debug|Any CPU.ActiveCfg = Debug|Any CPU
		{D1D16A38-B5D2-414D-96E4-C118A77DD81B}.Debug|Any CPU.Build.0 = Debug|Any CPU
		{D1D16A38-B5D2-414D-96E4-C118A77DD81B}.Release|Any CPU.ActiveCfg = Release|Any CPU
		{D1D16A38-B5D2-414D-96E4-C118A77DD81B}.Release|Any CPU.Build.0 = Release|Any CPU
	EndGlobalSection
	GlobalSection(SolutionProperties) = preSolution
		HideSolutionNode = FALSE
	EndGlobalSection
EndGlobal
